// !$*UTF8*$!
{
	archiveVersion = 1;
	classes = {
	};
	objectVersion = 50;
	objects = {

/* Begin PBXBuildFile section */
		B61E0319225DFF5D00604D3C /* AppDelegate.swift in Sources */ = {isa = PBXBuildFile; fileRef = B61E0318225DFF5D00604D3C /* AppDelegate.swift */; };
		B61E031B225DFF5D00604D3C /* ViewController.swift in Sources */ = {isa = PBXBuildFile; fileRef = B61E031A225DFF5D00604D3C /* ViewController.swift */; };
		B61E031E225DFF5D00604D3C /* Main.storyboard in Resources */ = {isa = PBXBuildFile; fileRef = B61E031C225DFF5D00604D3C /* Main.storyboard */; };
		B61E0320225DFF5E00604D3C /* Assets.xcassets in Resources */ = {isa = PBXBuildFile; fileRef = B61E031F225DFF5E00604D3C /* Assets.xcassets */; };
		B61E0323225DFF5E00604D3C /* LaunchScreen.storyboard in Resources */ = {isa = PBXBuildFile; fileRef = B61E0321225DFF5E00604D3C /* LaunchScreen.storyboard */; };
		B61E032E225DFF5E00604D3C /* HiAppTests.swift in Sources */ = {isa = PBXBuildFile; fileRef = B61E032D225DFF5E00604D3C /* HiAppTests.swift */; };
		B61E0339225DFF5E00604D3C /* HiAppUITests.swift in Sources */ = {isa = PBXBuildFile; fileRef = B61E0338225DFF5E00604D3C /* HiAppUITests.swift */; };
/* End PBXBuildFile section */

/* Begin PBXContainerItemProxy section */
		B61E032A225DFF5E00604D3C /* PBXContainerItemProxy */ = {
			isa = PBXContainerItemProxy;
			containerPortal = B61E030D225DFF5D00604D3C /* Project object */;
			proxyType = 1;
			remoteGlobalIDString = B61E0314225DFF5D00604D3C;
			remoteInfo = HiApp;
		};
		B61E0335225DFF5E00604D3C /* PBXContainerItemProxy */ = {
			isa = PBXContainerItemProxy;
			containerPortal = B61E030D225DFF5D00604D3C /* Project object */;
			proxyType = 1;
			remoteGlobalIDString = B61E0314225DFF5D00604D3C;
			remoteInfo = HiApp;
		};
/* End PBXContainerItemProxy section */

/* Begin PBXFileReference section */
		B61E0315225DFF5D00604D3C /* HiApp.app */ = {isa = PBXFileReference; explicitFileType = wrapper.application; includeInIndex = 0; path = HiApp.app; sourceTree = BUILT_PRODUCTS_DIR; };
		B61E0318225DFF5D00604D3C /* AppDelegate.swift */ = {isa = PBXFileReference; lastKnownFileType = sourcecode.swift; path = AppDelegate.swift; sourceTree = "<group>"; };
		B61E031A225DFF5D00604D3C /* ViewController.swift */ = {isa = PBXFileReference; lastKnownFileType = sourcecode.swift; path = ViewController.swift; sourceTree = "<group>"; };
		B61E031D225DFF5D00604D3C /* Base */ = {isa = PBXFileReference; lastKnownFileType = file.storyboard; name = Base; path = Base.lproj/Main.storyboard; sourceTree = "<group>"; };
		B61E031F225DFF5E00604D3C /* Assets.xcassets */ = {isa = PBXFileReference; lastKnownFileType = folder.assetcatalog; path = Assets.xcassets; sourceTree = "<group>"; };
		B61E0322225DFF5E00604D3C /* Base */ = {isa = PBXFileReference; lastKnownFileType = file.storyboard; name = Base; path = Base.lproj/LaunchScreen.storyboard; sourceTree = "<group>"; };
		B61E0324225DFF5E00604D3C /* Info.plist */ = {isa = PBXFileReference; lastKnownFileType = text.plist.xml; path = Info.plist; sourceTree = "<group>"; };
		B61E0329225DFF5E00604D3C /* HiAppTests.xctest */ = {isa = PBXFileReference; explicitFileType = wrapper.cfbundle; includeInIndex = 0; path = HiAppTests.xctest; sourceTree = BUILT_PRODUCTS_DIR; };
		B61E032D225DFF5E00604D3C /* HiAppTests.swift */ = {isa = PBXFileReference; lastKnownFileType = sourcecode.swift; path = HiAppTests.swift; sourceTree = "<group>"; };
		B61E032F225DFF5E00604D3C /* Info.plist */ = {isa = PBXFileReference; lastKnownFileType = text.plist.xml; path = Info.plist; sourceTree = "<group>"; };
		B61E0334225DFF5E00604D3C /* HiAppUITests.xctest */ = {isa = PBXFileReference; explicitFileType = wrapper.cfbundle; includeInIndex = 0; path = HiAppUITests.xctest; sourceTree = BUILT_PRODUCTS_DIR; };
		B61E0338225DFF5E00604D3C /* HiAppUITests.swift */ = {isa = PBXFileReference; lastKnownFileType = sourcecode.swift; path = HiAppUITests.swift; sourceTree = "<group>"; };
		B61E033A225DFF5E00604D3C /* Info.plist */ = {isa = PBXFileReference; lastKnownFileType = text.plist.xml; path = Info.plist; sourceTree = "<group>"; };
/* End PBXFileReference section */

/* Begin PBXFrameworksBuildPhase section */
		B61E0312225DFF5D00604D3C /* Frameworks */ = {
			isa = PBXFrameworksBuildPhase;
			buildActionMask = 2147483647;
			files = (
			);
			runOnlyForDeploymentPostprocessing = 0;
		};
		B61E0326225DFF5E00604D3C /* Frameworks */ = {
			isa = PBXFrameworksBuildPhase;
			buildActionMask = 2147483647;
			files = (
			);
			runOnlyForDeploymentPostprocessing = 0;
		};
		B61E0331225DFF5E00604D3C /* Frameworks */ = {
			isa = PBXFrameworksBuildPhase;
			buildActionMask = 2147483647;
			files = (
			);
			runOnlyForDeploymentPostprocessing = 0;
		};
/* End PBXFrameworksBuildPhase section */

/* Begin PBXGroup section */
		B61E030C225DFF5D00604D3C = {
			isa = PBXGroup;
			children = (
				B61E0317225DFF5D00604D3C /* HiApp */,
				B61E032C225DFF5E00604D3C /* HiAppTests */,
				B61E0337225DFF5E00604D3C /* HiAppUITests */,
				B61E0316225DFF5D00604D3C /* Products */,
			);
			sourceTree = "<group>";
		};
		B61E0316225DFF5D00604D3C /* Products */ = {
			isa = PBXGroup;
			children = (
				B61E0315225DFF5D00604D3C /* HiApp.app */,
				B61E0329225DFF5E00604D3C /* HiAppTests.xctest */,
				B61E0334225DFF5E00604D3C /* HiAppUITests.xctest */,
			);
			name = Products;
			sourceTree = "<group>";
		};
		B61E0317225DFF5D00604D3C /* HiApp */ = {
			isa = PBXGroup;
			children = (
				B61E0318225DFF5D00604D3C /* AppDelegate.swift */,
				B61E031A225DFF5D00604D3C /* ViewController.swift */,
				B61E031C225DFF5D00604D3C /* Main.storyboard */,
				B61E031F225DFF5E00604D3C /* Assets.xcassets */,
				B61E0321225DFF5E00604D3C /* LaunchScreen.storyboard */,
				B61E0324225DFF5E00604D3C /* Info.plist */,
			);
			path = HiApp;
			sourceTree = "<group>";
		};
		B61E032C225DFF5E00604D3C /* HiAppTests */ = {
			isa = PBXGroup;
			children = (
				B61E032D225DFF5E00604D3C /* HiAppTests.swift */,
				B61E032F225DFF5E00604D3C /* Info.plist */,
			);
			path = HiAppTests;
			sourceTree = "<group>";
		};
		B61E0337225DFF5E00604D3C /* HiAppUITests */ = {
			isa = PBXGroup;
			children = (
				B61E0338225DFF5E00604D3C /* HiAppUITests.swift */,
				B61E033A225DFF5E00604D3C /* Info.plist */,
			);
			path = HiAppUITests;
			sourceTree = "<group>";
		};
/* End PBXGroup section */

/* Begin PBXNativeTarget section */
		B61E0314225DFF5D00604D3C /* HiApp */ = {
			isa = PBXNativeTarget;
			buildConfigurationList = B61E033D225DFF5E00604D3C /* Build configuration list for PBXNativeTarget "HiApp" */;
			buildPhases = (
				B61E0311225DFF5D00604D3C /* Sources */,
				B61E0312225DFF5D00604D3C /* Frameworks */,
				B61E0313225DFF5D00604D3C /* Resources */,
			);
			buildRules = (
			);
			dependencies = (
			);
			name = HiApp;
			productName = HiApp;
			productReference = B61E0315225DFF5D00604D3C /* HiApp.app */;
			productType = "com.apple.product-type.application";
		};
		B61E0328225DFF5E00604D3C /* HiAppTests */ = {
			isa = PBXNativeTarget;
			buildConfigurationList = B61E0340225DFF5E00604D3C /* Build configuration list for PBXNativeTarget "HiAppTests" */;
			buildPhases = (
				B61E0325225DFF5E00604D3C /* Sources */,
				B61E0326225DFF5E00604D3C /* Frameworks */,
				B61E0327225DFF5E00604D3C /* Resources */,
			);
			buildRules = (
			);
			dependencies = (
				B61E032B225DFF5E00604D3C /* PBXTargetDependency */,
			);
			name = HiAppTests;
			productName = HiAppTests;
			productReference = B61E0329225DFF5E00604D3C /* HiAppTests.xctest */;
			productType = "com.apple.product-type.bundle.unit-test";
		};
		B61E0333225DFF5E00604D3C /* HiAppUITests */ = {
			isa = PBXNativeTarget;
			buildConfigurationList = B61E0343225DFF5E00604D3C /* Build configuration list for PBXNativeTarget "HiAppUITests" */;
			buildPhases = (
				B61E0330225DFF5E00604D3C /* Sources */,
				B61E0331225DFF5E00604D3C /* Frameworks */,
				B61E0332225DFF5E00604D3C /* Resources */,
			);
			buildRules = (
			);
			dependencies = (
				B61E0336225DFF5E00604D3C /* PBXTargetDependency */,
			);
			name = HiAppUITests;
			productName = HiAppUITests;
			productReference = B61E0334225DFF5E00604D3C /* HiAppUITests.xctest */;
			productType = "com.apple.product-type.bundle.ui-testing";
		};
/* End PBXNativeTarget section */

/* Begin PBXProject section */
		B61E030D225DFF5D00604D3C /* Project object */ = {
			isa = PBXProject;
			attributes = {
				LastSwiftUpdateCheck = 1020;
				LastUpgradeCheck = 1020;
				ORGANIZATIONNAME = "Agus Cahyono";
				TargetAttributes = {
					B61E0314225DFF5D00604D3C = {
						CreatedOnToolsVersion = 10.2;
					};
					B61E0328225DFF5E00604D3C = {
						CreatedOnToolsVersion = 10.2;
						TestTargetID = B61E0314225DFF5D00604D3C;
					};
					B61E0333225DFF5E00604D3C = {
						CreatedOnToolsVersion = 10.2;
						TestTargetID = B61E0314225DFF5D00604D3C;
					};
				};
			};
			buildConfigurationList = B61E0310225DFF5D00604D3C /* Build configuration list for PBXProject "HiApp" */;
			compatibilityVersion = "Xcode 9.3";
			developmentRegion = en;
			hasScannedForEncodings = 0;
			knownRegions = (
				en,
				Base,
			);
			mainGroup = B61E030C225DFF5D00604D3C;
			productRefGroup = B61E0316225DFF5D00604D3C /* Products */;
			projectDirPath = "";
			projectRoot = "";
			targets = (
				B61E0314225DFF5D00604D3C /* HiApp */,
				B61E0328225DFF5E00604D3C /* HiAppTests */,
				B61E0333225DFF5E00604D3C /* HiAppUITests */,
			);
		};
/* End PBXProject section */

/* Begin PBXResourcesBuildPhase section */
		B61E0313225DFF5D00604D3C /* Resources */ = {
			isa = PBXResourcesBuildPhase;
			buildActionMask = 2147483647;
			files = (
				B61E0323225DFF5E00604D3C /* LaunchScreen.storyboard in Resources */,
				B61E0320225DFF5E00604D3C /* Assets.xcassets in Resources */,
				B61E031E225DFF5D00604D3C /* Main.storyboard in Resources */,
			);
			runOnlyForDeploymentPostprocessing = 0;
		};
		B61E0327225DFF5E00604D3C /* Resources */ = {
			isa = PBXResourcesBuildPhase;
			buildActionMask = 2147483647;
			files = (
			);
			runOnlyForDeploymentPostprocessing = 0;
		};
		B61E0332225DFF5E00604D3C /* Resources */ = {
			isa = PBXResourcesBuildPhase;
			buildActionMask = 2147483647;
			files = (
			);
			runOnlyForDeploymentPostprocessing = 0;
		};
/* End PBXResourcesBuildPhase section */

/* Begin PBXSourcesBuildPhase section */
		B61E0311225DFF5D00604D3C /* Sources */ = {
			isa = PBXSourcesBuildPhase;
			buildActionMask = 2147483647;
			files = (
				B61E031B225DFF5D00604D3C /* ViewController.swift in Sources */,
				B61E0319225DFF5D00604D3C /* AppDelegate.swift in Sources */,
			);
			runOnlyForDeploymentPostprocessing = 0;
		};
		B61E0325225DFF5E00604D3C /* Sources */ = {
			isa = PBXSourcesBuildPhase;
			buildActionMask = 2147483647;
			files = (
				B61E032E225DFF5E00604D3C /* HiAppTests.swift in Sources */,
			);
			runOnlyForDeploymentPostprocessing = 0;
		};
		B61E0330225DFF5E00604D3C /* Sources */ = {
			isa = PBXSourcesBuildPhase;
			buildActionMask = 2147483647;
			files = (
				B61E0339225DFF5E00604D3C /* HiAppUITests.swift in Sources */,
			);
			runOnlyForDeploymentPostprocessing = 0;
		};
/* End PBXSourcesBuildPhase section */

/* Begin PBXTargetDependency section */
		B61E032B225DFF5E00604D3C /* PBXTargetDependency */ = {
			isa = PBXTargetDependency;
			target = B61E0314225DFF5D00604D3C /* HiApp */;
			targetProxy = B61E032A225DFF5E00604D3C /* PBXContainerItemProxy */;
		};
		B61E0336225DFF5E00604D3C /* PBXTargetDependency */ = {
			isa = PBXTargetDependency;
			target = B61E0314225DFF5D00604D3C /* HiApp */;
			targetProxy = B61E0335225DFF5E00604D3C /* PBXContainerItemProxy */;
		};
/* End PBXTargetDependency section */

/* Begin PBXVariantGroup section */
		B61E031C225DFF5D00604D3C /* Main.storyboard */ = {
			isa = PBXVariantGroup;
			children = (
				B61E031D225DFF5D00604D3C /* Base */,
			);
			name = Main.storyboard;
			sourceTree = "<group>";
		};
		B61E0321225DFF5E00604D3C /* LaunchScreen.storyboard */ = {
			isa = PBXVariantGroup;
			children = (
				B61E0322225DFF5E00604D3C /* Base */,
			);
			name = LaunchScreen.storyboard;
			sourceTree = "<group>";
		};
/* End PBXVariantGroup section */

/* Begin XCBuildConfiguration section */
		B61E033B225DFF5E00604D3C /* Debug */ = {
			isa = XCBuildConfiguration;
			buildSettings = {
				ALWAYS_SEARCH_USER_PATHS = NO;
				CLANG_ANALYZER_NONNULL = YES;
				CLANG_ANALYZER_NUMBER_OBJECT_CONVERSION = YES_AGGRESSIVE;
				CLANG_CXX_LANGUAGE_STANDARD = "gnu++14";
				CLANG_CXX_LIBRARY = "libc++";
				CLANG_ENABLE_MODULES = YES;
				CLANG_ENABLE_OBJC_ARC = YES;
				CLANG_ENABLE_OBJC_WEAK = YES;
				CLANG_WARN_BLOCK_CAPTURE_AUTORELEASING = YES;
				CLANG_WARN_BOOL_CONVERSION = YES;
				CLANG_WARN_COMMA = YES;
				CLANG_WARN_CONSTANT_CONVERSION = YES;
				CLANG_WARN_DEPRECATED_OBJC_IMPLEMENTATIONS = YES;
				CLANG_WARN_DIRECT_OBJC_ISA_USAGE = YES_ERROR;
				CLANG_WARN_DOCUMENTATION_COMMENTS = YES;
				CLANG_WARN_EMPTY_BODY = YES;
				CLANG_WARN_ENUM_CONVERSION = YES;
				CLANG_WARN_INFINITE_RECURSION = YES;
				CLANG_WARN_INT_CONVERSION = YES;
				CLANG_WARN_NON_LITERAL_NULL_CONVERSION = YES;
				CLANG_WARN_OBJC_IMPLICIT_RETAIN_SELF = YES;
				CLANG_WARN_OBJC_LITERAL_CONVERSION = YES;
				CLANG_WARN_OBJC_ROOT_CLASS = YES_ERROR;
				CLANG_WARN_RANGE_LOOP_ANALYSIS = YES;
				CLANG_WARN_STRICT_PROTOTYPES = YES;
				CLANG_WARN_SUSPICIOUS_MOVE = YES;
				CLANG_WARN_UNGUARDED_AVAILABILITY = YES_AGGRESSIVE;
				CLANG_WARN_UNREACHABLE_CODE = YES;
				CLANG_WARN__DUPLICATE_METHOD_MATCH = YES;
				CODE_SIGN_IDENTITY = "iPhone Developer";
				COPY_PHASE_STRIP = NO;
				DEBUG_INFORMATION_FORMAT = dwarf;
				ENABLE_STRICT_OBJC_MSGSEND = YES;
				ENABLE_TESTABILITY = YES;
				GCC_C_LANGUAGE_STANDARD = gnu11;
				GCC_DYNAMIC_NO_PIC = NO;
				GCC_NO_COMMON_BLOCKS = YES;
				GCC_OPTIMIZATION_LEVEL = 0;
				GCC_PREPROCESSOR_DEFINITIONS = (
					"DEBUG=1",
					"$(inherited)",
				);
				GCC_WARN_64_TO_32_BIT_CONVERSION = YES;
				GCC_WARN_ABOUT_RETURN_TYPE = YES_ERROR;
				GCC_WARN_UNDECLARED_SELECTOR = YES;
				GCC_WARN_UNINITIALIZED_AUTOS = YES_AGGRESSIVE;
				GCC_WARN_UNUSED_FUNCTION = YES;
				GCC_WARN_UNUSED_VARIABLE = YES;
				IPHONEOS_DEPLOYMENT_TARGET = 12.2;
				MTL_ENABLE_DEBUG_INFO = INCLUDE_SOURCE;
				MTL_FAST_MATH = YES;
				ONLY_ACTIVE_ARCH = YES;
				SDKROOT = iphoneos;
				SWIFT_ACTIVE_COMPILATION_CONDITIONS = DEBUG;
				SWIFT_OPTIMIZATION_LEVEL = "-Onone";
			};
			name = Debug;
		};
		B61E033C225DFF5E00604D3C /* Release */ = {
			isa = XCBuildConfiguration;
			buildSettings = {
				ALWAYS_SEARCH_USER_PATHS = NO;
				CLANG_ANALYZER_NONNULL = YES;
				CLANG_ANALYZER_NUMBER_OBJECT_CONVERSION = YES_AGGRESSIVE;
				CLANG_CXX_LANGUAGE_STANDARD = "gnu++14";
				CLANG_CXX_LIBRARY = "libc++";
				CLANG_ENABLE_MODULES = YES;
				CLANG_ENABLE_OBJC_ARC = YES;
				CLANG_ENABLE_OBJC_WEAK = YES;
				CLANG_WARN_BLOCK_CAPTURE_AUTORELEASING = YES;
				CLANG_WARN_BOOL_CONVERSION = YES;
				CLANG_WARN_COMMA = YES;
				CLANG_WARN_CONSTANT_CONVERSION = YES;
				CLANG_WARN_DEPRECATED_OBJC_IMPLEMENTATIONS = YES;
				CLANG_WARN_DIRECT_OBJC_ISA_USAGE = YES_ERROR;
				CLANG_WARN_DOCUMENTATION_COMMENTS = YES;
				CLANG_WARN_EMPTY_BODY = YES;
				CLANG_WARN_ENUM_CONVERSION = YES;
				CLANG_WARN_INFINITE_RECURSION = YES;
				CLANG_WARN_INT_CONVERSION = YES;
				CLANG_WARN_NON_LITERAL_NULL_CONVERSION = YES;
				CLANG_WARN_OBJC_IMPLICIT_RETAIN_SELF = YES;
				CLANG_WARN_OBJC_LITERAL_CONVERSION = YES;
				CLANG_WARN_OBJC_ROOT_CLASS = YES_ERROR;
				CLANG_WARN_RANGE_LOOP_ANALYSIS = YES;
				CLANG_WARN_STRICT_PROTOTYPES = YES;
				CLANG_WARN_SUSPICIOUS_MOVE = YES;
				CLANG_WARN_UNGUARDED_AVAILABILITY = YES_AGGRESSIVE;
				CLANG_WARN_UNREACHABLE_CODE = YES;
				CLANG_WARN__DUPLICATE_METHOD_MATCH = YES;
				CODE_SIGN_IDENTITY = "iPhone Developer";
				COPY_PHASE_STRIP = NO;
				DEBUG_INFORMATION_FORMAT = "dwarf-with-dsym";
				ENABLE_NS_ASSERTIONS = NO;
				ENABLE_STRICT_OBJC_MSGSEND = YES;
				GCC_C_LANGUAGE_STANDARD = gnu11;
				GCC_NO_COMMON_BLOCKS = YES;
				GCC_WARN_64_TO_32_BIT_CONVERSION = YES;
				GCC_WARN_ABOUT_RETURN_TYPE = YES_ERROR;
				GCC_WARN_UNDECLARED_SELECTOR = YES;
				GCC_WARN_UNINITIALIZED_AUTOS = YES_AGGRESSIVE;
				GCC_WARN_UNUSED_FUNCTION = YES;
				GCC_WARN_UNUSED_VARIABLE = YES;
				IPHONEOS_DEPLOYMENT_TARGET = 12.2;
				MTL_ENABLE_DEBUG_INFO = NO;
				MTL_FAST_MATH = YES;
				SDKROOT = iphoneos;
				SWIFT_COMPILATION_MODE = wholemodule;
				SWIFT_OPTIMIZATION_LEVEL = "-O";
				VALIDATE_PRODUCT = YES;
			};
			name = Release;
		};
		B61E033E225DFF5E00604D3C /* Debug */ = {
			isa = XCBuildConfiguration;
			buildSettings = {
				ASSETCATALOG_COMPILER_APPICON_NAME = AppIcon;
				CODE_SIGN_STYLE = Automatic;
				INFOPLIST_FILE = HiApp/Info.plist;
				LD_RUNPATH_SEARCH_PATHS = (
					"$(inherited)",
					"@executable_path/Frameworks",
				);
				PRODUCT_BUNDLE_IDENTIFIER = com.agus.HiApp;
				PRODUCT_NAME = "$(TARGET_NAME)";
				SWIFT_VERSION = 5.0;
				TARGETED_DEVICE_FAMILY = "1,2";
			};
			name = Debug;
		};
		B61E033F225DFF5E00604D3C /* Release */ = {
			isa = XCBuildConfiguration;
			buildSettings = {
				ASSETCATALOG_COMPILER_APPICON_NAME = AppIcon;
				CODE_SIGN_STYLE = Automatic;
				INFOPLIST_FILE = HiApp/Info.plist;
				LD_RUNPATH_SEARCH_PATHS = (
					"$(inherited)",
					"@executable_path/Frameworks",
				);
				PRODUCT_BUNDLE_IDENTIFIER = com.agus.HiApp;
				PRODUCT_NAME = "$(TARGET_NAME)";
				SWIFT_VERSION = 5.0;
				TARGETED_DEVICE_FAMILY = "1,2";
			};
			name = Release;
		};
		B61E0341225DFF5E00604D3C /* Debug */ = {
			isa = XCBuildConfiguration;
			buildSettings = {
				ALWAYS_EMBED_SWIFT_STANDARD_LIBRARIES = YES;
				BUNDLE_LOADER = "$(TEST_HOST)";
				CODE_SIGN_STYLE = Automatic;
				INFOPLIST_FILE = HiAppTests/Info.plist;
				LD_RUNPATH_SEARCH_PATHS = (
					"$(inherited)",
					"@executable_path/Frameworks",
					"@loader_path/Frameworks",
				);
				PRODUCT_BUNDLE_IDENTIFIER = com.agus.HiAppTests;
				PRODUCT_NAME = "$(TARGET_NAME)";
				SWIFT_VERSION = 5.0;
				TARGETED_DEVICE_FAMILY = "1,2";
				TEST_HOST = "$(BUILT_PRODUCTS_DIR)/HiApp.app/HiApp";
			};
			name = Debug;
		};
		B61E0342225DFF5E00604D3C /* Release */ = {
			isa = XCBuildConfiguration;
			buildSettings = {
				ALWAYS_EMBED_SWIFT_STANDARD_LIBRARIES = YES;
				BUNDLE_LOADER = "$(TEST_HOST)";
				CODE_SIGN_STYLE = Automatic;
				INFOPLIST_FILE = HiAppTests/Info.plist;
				LD_RUNPATH_SEARCH_PATHS = (
					"$(inherited)",
					"@executable_path/Frameworks",
					"@loader_path/Frameworks",
				);
				PRODUCT_BUNDLE_IDENTIFIER = com.agus.HiAppTests;
				PRODUCT_NAME = "$(TARGET_NAME)";
				SWIFT_VERSION = 5.0;
				TARGETED_DEVICE_FAMILY = "1,2";
				TEST_HOST = "$(BUILT_PRODUCTS_DIR)/HiApp.app/HiApp";
			};
			name = Release;
		};
		B61E0344225DFF5E00604D3C /* Debug */ = {
			isa = XCBuildConfiguration;
			buildSettings = {
				ALWAYS_EMBED_SWIFT_STANDARD_LIBRARIES = YES;
				CODE_SIGN_STYLE = Automatic;
				INFOPLIST_FILE = HiAppUITests/Info.plist;
				LD_RUNPATH_SEARCH_PATHS = (
					"$(inherited)",
					"@executable_path/Frameworks",
					"@loader_path/Frameworks",
				);
				PRODUCT_BUNDLE_IDENTIFIER = com.agus.HiAppUITests;
				PRODUCT_NAME = "$(TARGET_NAME)";
				SWIFT_VERSION = 5.0;
				TARGETED_DEVICE_FAMILY = "1,2";
				TEST_TARGET_NAME = HiApp;
			};
			name = Debug;
		};
		B61E0345225DFF5E00604D3C /* Release */ = {
			isa = XCBuildConfiguration;
			buildSettings = {
				ALWAYS_EMBED_SWIFT_STANDARD_LIBRARIES = YES;
				CODE_SIGN_STYLE = Automatic;
				INFOPLIST_FILE = HiAppUITests/Info.plist;
				LD_RUNPATH_SEARCH_PATHS = (
					"$(inherited)",
					"@executable_path/Frameworks",
					"@loader_path/Frameworks",
				);
				PRODUCT_BUNDLE_IDENTIFIER = com.agus.HiAppUITests;
				PRODUCT_NAME = "$(TARGET_NAME)";
				SWIFT_VERSION = 5.0;
				TARGETED_DEVICE_FAMILY = "1,2";
				TEST_TARGET_NAME = HiApp;
			};
			name = Release;
		};
/* End XCBuildConfiguration section */

/* Begin XCConfigurationList section */
		B61E0310225DFF5D00604D3C /* Build configuration list for PBXProject "HiApp" */ = {
			isa = XCConfigurationList;
			buildConfigurations = (
				B61E033B225DFF5E00604D3C /* Debug */,
				B61E033C225DFF5E00604D3C /* Release */,
			);
			defaultConfigurationIsVisible = 0;
			defaultConfigurationName = Release;
		};
		B61E033D225DFF5E00604D3C /* Build configuration list for PBXNativeTarget "HiApp" */ = {
			isa = XCConfigurationList;
			buildConfigurations = (
				B61E033E225DFF5E00604D3C /* Debug */,
				B61E033F225DFF5E00604D3C /* Release */,
			);
			defaultConfigurationIsVisible = 0;
			defaultConfigurationName = Release;
		};
		B61E0340225DFF5E00604D3C /* Build configuration list for PBXNativeTarget "HiAppTests" */ = {
			isa = XCConfigurationList;
			buildConfigurations = (
				B61E0341225DFF5E00604D3C /* Debug */,
				B61E0342225DFF5E00604D3C /* Release */,
			);
			defaultConfigurationIsVisible = 0;
			defaultConfigurationName = Release;
		};
		B61E0343225DFF5E00604D3C /* Build configuration list for PBXNativeTarget "HiAppUITests" */ = {
			isa = XCConfigurationList;
			buildConfigurations = (
				B61E0344225DFF5E00604D3C /* Debug */,
				B61E0345225DFF5E00604D3C /* Release */,
			);
			defaultConfigurationIsVisible = 0;
			defaultConfigurationName = Release;
		};
/* End XCConfigurationList section */
	};
	rootObject = B61E030D225DFF5D00604D3C /* Project object */;
}
